
Microsoft Visual Studio Solution File, Format Version 12.00
# Visual Studio Version 17
VisualStudioVersion = 17.13.35931.197 d17.13
MinimumVisualStudioVersion = 10.0.40219.1
Project("{8BC9CEB8-8B4A-11D0-8D11-00A0C91BC942}") = "MT4", "MT4.vcxproj", "{1971E1CA-0426-4A7D-A3C7-824DBA365874}"
EndProject
Global
	GlobalSection(SolutionConfigurationPlatforms) = preSolution
		Debug|x64 = Debug|x64
		Release|x64 = Release|x64
	EndGlobalSection
	GlobalSection(ProjectConfigurationPlatforms) = postSolution
		{1971E1CA-0426-4A7D-A3C7-824DBA365874}.Debug|x64.ActiveCfg = Debug|x64
		{1971E1CA-0426-4A7D-A3C7-824DBA365874}.Debug|x64.Build.0 = Debug|x64
		{1971E1CA-0426-4A7D-A3C7-824DBA365874}.Release|x64.ActiveCfg = Release|x64
		{1971E1CA-0426-4A7D-A3C7-824DBA365874}.Release|x64.Build.0 = Release|x64
	EndGlobalSection
	GlobalSection(SolutionProperties) = preSolution
		HideSolutionNode = FALSE
	EndGlobalSection
	GlobalSection(ExtensibilityGlobals) = postSolution
		SolutionGuid = {DA2B0305-7D21-422F-B9A6-67E4DA0DCDA4}
	EndGlobalSection
EndGlobal
